// !$*UTF8*$!
{
	archiveVersion = 1;
	classes = {
	};
	objectVersion = 51;
	objects = {

/* Begin PBXBuildFile section */
		00391752252BBD6700D29C90 /* AppDelegate.swift in Sources */ = {isa = PBXBuildFile; fileRef = 00391751252BBD6700D29C90 /* AppDelegate.swift */; };
		00391754252BBD6700D29C90 /* SceneDelegate.swift in Sources */ = {isa = PBXBuildFile; fileRef = 00391753252BBD6700D29C90 /* SceneDelegate.swift */; };
		0039175B252BBD6800D29C90 /* Assets.xcassets in Resources */ = {isa = PBXBuildFile; fileRef = 0039175A252BBD6800D29C90 /* Assets.xcassets */; };
		0039175E252BBD6800D29C90 /* LaunchScreen.storyboard in Resources */ = {isa = PBXBuildFile; fileRef = 0039175C252BBD6800D29C90 /* LaunchScreen.storyboard */; };
		00391769252BBD6800D29C90 /* MVVMTests.swift in Sources */ = {isa = PBXBuildFile; fileRef = 00391768252BBD6800D29C90 /* MVVMTests.swift */; };
		00391774252BBD6800D29C90 /* MVVMUITests.swift in Sources */ = {isa = PBXBuildFile; fileRef = 00391773252BBD6800D29C90 /* MVVMUITests.swift */; };
		0039178B252BBF8500D29C90 /* TableViewController.swift in Sources */ = {isa = PBXBuildFile; fileRef = 0039178A252BBF8500D29C90 /* TableViewController.swift */; };
		00391794252BC31600D29C90 /* TableViewViewModelType.swift in Sources */ = {isa = PBXBuildFile; fileRef = 00391793252BC31600D29C90 /* TableViewViewModelType.swift */; };
		003917A9252BC38000D29C90 /* CustomTableViewCell.swift in Sources */ = {isa = PBXBuildFile; fileRef = 003917A8252BC38000D29C90 /* CustomTableViewCell.swift */; };
		003917AE252BC72700D29C90 /* TableViewCellViewModelType.swift in Sources */ = {isa = PBXBuildFile; fileRef = 003917AD252BC72700D29C90 /* TableViewCellViewModelType.swift */; };
		003917B3252BC81900D29C90 /* TableViewViewModel.swift in Sources */ = {isa = PBXBuildFile; fileRef = 003917B2252BC81900D29C90 /* TableViewViewModel.swift */; };
		003917BD252BC8B200D29C90 /* NetworkService.swift in Sources */ = {isa = PBXBuildFile; fileRef = 003917BC252BC8B200D29C90 /* NetworkService.swift */; };
		003917D2252BC98F00D29C90 /* MovieModel.swift in Sources */ = {isa = PBXBuildFile; fileRef = 003917D1252BC98F00D29C90 /* MovieModel.swift */; };
		003917DA252BCB5200D29C90 /* CustomCellViewModel.swift in Sources */ = {isa = PBXBuildFile; fileRef = 003917D9252BCB5200D29C90 /* CustomCellViewModel.swift */; };
		005065E1252C6D3000A9E5C8 /* MovieResultModel.swift in Sources */ = {isa = PBXBuildFile; fileRef = 005065E0252C6D3000A9E5C8 /* MovieResultModel.swift */; };
		005065EE252C9BD600A9E5C8 /* Constants.swift in Sources */ = {isa = PBXBuildFile; fileRef = 005065ED252C9BD600A9E5C8 /* Constants.swift */; };
		19B0F83A0BD9D2BFADEC50C9 /* Pods_MVVMTests.framework in Frameworks */ = {isa = PBXBuildFile; fileRef = B863E2074D1BD082D23B57E9 /* Pods_MVVMTests.framework */; };
		5D790A5EE7CAFBB393897694 /* Pods_MVVM_MVVMUITests.framework in Frameworks */ = {isa = PBXBuildFile; fileRef = 2599CDE0E19AD9591BA5F922 /* Pods_MVVM_MVVMUITests.framework */; };
		ABB4EA92188ECFAB42226F5C /* Pods_MVVM.framework in Frameworks */ = {isa = PBXBuildFile; fileRef = 2FDFAC5DBCDD8EE133474FF7 /* Pods_MVVM.framework */; };
/* End PBXBuildFile section */

/* Begin PBXContainerItemProxy section */
		00391765252BBD6800D29C90 /* PBXContainerItemProxy */ = {
			isa = PBXContainerItemProxy;
			containerPortal = 00391746252BBD6700D29C90 /* Project object */;
			proxyType = 1;
			remoteGlobalIDString = 0039174D252BBD6700D29C90;
			remoteInfo = MVVM;
		};
		00391770252BBD6800D29C90 /* PBXContainerItemProxy */ = {
			isa = PBXContainerItemProxy;
			containerPortal = 00391746252BBD6700D29C90 /* Project object */;
			proxyType = 1;
			remoteGlobalIDString = 0039174D252BBD6700D29C90;
			remoteInfo = MVVM;
		};
/* End PBXContainerItemProxy section */

/* Begin PBXFileReference section */
		0039174E252BBD6700D29C90 /* MVVM.app */ = {isa = PBXFileReference; explicitFileType = wrapper.application; includeInIndex = 0; path = MVVM.app; sourceTree = BUILT_PRODUCTS_DIR; };
		00391751252BBD6700D29C90 /* AppDelegate.swift */ = {isa = PBXFileReference; lastKnownFileType = sourcecode.swift; path = AppDelegate.swift; sourceTree = "<group>"; };
		00391753252BBD6700D29C90 /* SceneDelegate.swift */ = {isa = PBXFileReference; lastKnownFileType = sourcecode.swift; path = SceneDelegate.swift; sourceTree = "<group>"; };
		0039175A252BBD6800D29C90 /* Assets.xcassets */ = {isa = PBXFileReference; lastKnownFileType = folder.assetcatalog; path = Assets.xcassets; sourceTree = "<group>"; };
		0039175D252BBD6800D29C90 /* Base */ = {isa = PBXFileReference; lastKnownFileType = file.storyboard; name = Base; path = Base.lproj/LaunchScreen.storyboard; sourceTree = "<group>"; };
		0039175F252BBD6800D29C90 /* Info.plist */ = {isa = PBXFileReference; lastKnownFileType = text.plist.xml; path = Info.plist; sourceTree = "<group>"; };
		00391764252BBD6800D29C90 /* MVVMTests.xctest */ = {isa = PBXFileReference; explicitFileType = wrapper.cfbundle; includeInIndex = 0; path = MVVMTests.xctest; sourceTree = BUILT_PRODUCTS_DIR; };
		00391768252BBD6800D29C90 /* MVVMTests.swift */ = {isa = PBXFileReference; lastKnownFileType = sourcecode.swift; path = MVVMTests.swift; sourceTree = "<group>"; };
		0039176A252BBD6800D29C90 /* Info.plist */ = {isa = PBXFileReference; lastKnownFileType = text.plist.xml; path = Info.plist; sourceTree = "<group>"; };
		0039176F252BBD6800D29C90 /* MVVMUITests.xctest */ = {isa = PBXFileReference; explicitFileType = wrapper.cfbundle; includeInIndex = 0; path = MVVMUITests.xctest; sourceTree = BUILT_PRODUCTS_DIR; };
		00391773252BBD6800D29C90 /* MVVMUITests.swift */ = {isa = PBXFileReference; lastKnownFileType = sourcecode.swift; path = MVVMUITests.swift; sourceTree = "<group>"; };
		00391775252BBD6800D29C90 /* Info.plist */ = {isa = PBXFileReference; lastKnownFileType = text.plist.xml; path = Info.plist; sourceTree = "<group>"; };
		0039178A252BBF8500D29C90 /* TableViewController.swift */ = {isa = PBXFileReference; lastKnownFileType = sourcecode.swift; path = TableViewController.swift; sourceTree = "<group>"; };
		00391793252BC31600D29C90 /* TableViewViewModelType.swift */ = {isa = PBXFileReference; lastKnownFileType = sourcecode.swift; path = TableViewViewModelType.swift; sourceTree = "<group>"; };
		003917A8252BC38000D29C90 /* CustomTableViewCell.swift */ = {isa = PBXFileReference; lastKnownFileType = sourcecode.swift; path = CustomTableViewCell.swift; sourceTree = "<group>"; };
		003917AD252BC72700D29C90 /* TableViewCellViewModelType.swift */ = {isa = PBXFileReference; lastKnownFileType = sourcecode.swift; path = TableViewCellViewModelType.swift; sourceTree = "<group>"; };
		003917B2252BC81900D29C90 /* TableViewViewModel.swift */ = {isa = PBXFileReference; lastKnownFileType = sourcecode.swift; path = TableViewViewModel.swift; sourceTree = "<group>"; };
		003917BC252BC8B200D29C90 /* NetworkService.swift */ = {isa = PBXFileReference; lastKnownFileType = sourcecode.swift; path = NetworkService.swift; sourceTree = "<group>"; };
		003917D1252BC98F00D29C90 /* MovieModel.swift */ = {isa = PBXFileReference; lastKnownFileType = sourcecode.swift; path = MovieModel.swift; sourceTree = "<group>"; };
		003917D9252BCB5200D29C90 /* CustomCellViewModel.swift */ = {isa = PBXFileReference; lastKnownFileType = sourcecode.swift; path = CustomCellViewModel.swift; sourceTree = "<group>"; };
		005065E0252C6D3000A9E5C8 /* MovieResultModel.swift */ = {isa = PBXFileReference; lastKnownFileType = sourcecode.swift; path = MovieResultModel.swift; sourceTree = "<group>"; };
		005065ED252C9BD600A9E5C8 /* Constants.swift */ = {isa = PBXFileReference; lastKnownFileType = sourcecode.swift; path = Constants.swift; sourceTree = "<group>"; };
		2599CDE0E19AD9591BA5F922 /* Pods_MVVM_MVVMUITests.framework */ = {isa = PBXFileReference; explicitFileType = wrapper.framework; includeInIndex = 0; path = Pods_MVVM_MVVMUITests.framework; sourceTree = BUILT_PRODUCTS_DIR; };
		2FDFAC5DBCDD8EE133474FF7 /* Pods_MVVM.framework */ = {isa = PBXFileReference; explicitFileType = wrapper.framework; includeInIndex = 0; path = Pods_MVVM.framework; sourceTree = BUILT_PRODUCTS_DIR; };
		A8105BAA1B1357203DAC26CD /* Pods-MVVM-MVVMUITests.release.xcconfig */ = {isa = PBXFileReference; includeInIndex = 1; lastKnownFileType = text.xcconfig; name = "Pods-MVVM-MVVMUITests.release.xcconfig"; path = "Target Support Files/Pods-MVVM-MVVMUITests/Pods-MVVM-MVVMUITests.release.xcconfig"; sourceTree = "<group>"; };
		AFD0942E0EFE4E091F311AD1 /* Pods-MVVMTests.debug.xcconfig */ = {isa = PBXFileReference; includeInIndex = 1; lastKnownFileType = text.xcconfig; name = "Pods-MVVMTests.debug.xcconfig"; path = "Target Support Files/Pods-MVVMTests/Pods-MVVMTests.debug.xcconfig"; sourceTree = "<group>"; };
		B185DD225AF2018D4304FD06 /* Pods-MVVM.release.xcconfig */ = {isa = PBXFileReference; includeInIndex = 1; lastKnownFileType = text.xcconfig; name = "Pods-MVVM.release.xcconfig"; path = "Target Support Files/Pods-MVVM/Pods-MVVM.release.xcconfig"; sourceTree = "<group>"; };
		B72E5374752732C35A30D19A /* Pods-MVVM-MVVMUITests.debug.xcconfig */ = {isa = PBXFileReference; includeInIndex = 1; lastKnownFileType = text.xcconfig; name = "Pods-MVVM-MVVMUITests.debug.xcconfig"; path = "Target Support Files/Pods-MVVM-MVVMUITests/Pods-MVVM-MVVMUITests.debug.xcconfig"; sourceTree = "<group>"; };
		B863E2074D1BD082D23B57E9 /* Pods_MVVMTests.framework */ = {isa = PBXFileReference; explicitFileType = wrapper.framework; includeInIndex = 0; path = Pods_MVVMTests.framework; sourceTree = BUILT_PRODUCTS_DIR; };
		BD296FF5DA8096E49DAE4148 /* Pods-MVVMTests.release.xcconfig */ = {isa = PBXFileReference; includeInIndex = 1; lastKnownFileType = text.xcconfig; name = "Pods-MVVMTests.release.xcconfig"; path = "Target Support Files/Pods-MVVMTests/Pods-MVVMTests.release.xcconfig"; sourceTree = "<group>"; };
		FC186C7D766FB7A4EF40C704 /* Pods-MVVM.debug.xcconfig */ = {isa = PBXFileReference; includeInIndex = 1; lastKnownFileType = text.xcconfig; name = "Pods-MVVM.debug.xcconfig"; path = "Target Support Files/Pods-MVVM/Pods-MVVM.debug.xcconfig"; sourceTree = "<group>"; };
/* End PBXFileReference section */

/* Begin PBXFrameworksBuildPhase section */
		0039174B252BBD6700D29C90 /* Frameworks */ = {
			isa = PBXFrameworksBuildPhase;
			buildActionMask = 2147483647;
			files = (
				ABB4EA92188ECFAB42226F5C /* Pods_MVVM.framework in Frameworks */,
			);
			runOnlyForDeploymentPostprocessing = 0;
		};
		00391761252BBD6800D29C90 /* Frameworks */ = {
			isa = PBXFrameworksBuildPhase;
			buildActionMask = 2147483647;
			files = (
				19B0F83A0BD9D2BFADEC50C9 /* Pods_MVVMTests.framework in Frameworks */,
			);
			runOnlyForDeploymentPostprocessing = 0;
		};
		0039176C252BBD6800D29C90 /* Frameworks */ = {
			isa = PBXFrameworksBuildPhase;
			buildActionMask = 2147483647;
			files = (
				5D790A5EE7CAFBB393897694 /* Pods_MVVM_MVVMUITests.framework in Frameworks */,
			);
			runOnlyForDeploymentPostprocessing = 0;
		};
/* End PBXFrameworksBuildPhase section */

/* Begin PBXGroup section */
		00391745252BBD6700D29C90 = {
			isa = PBXGroup;
			children = (
				00391750252BBD6700D29C90 /* MVVM */,
				00391767252BBD6800D29C90 /* MVVMTests */,
				00391772252BBD6800D29C90 /* MVVMUITests */,
				0039174F252BBD6700D29C90 /* Products */,
				CFCDDA2D69BBAF4ABBEEC018 /* Pods */,
				BA5C21D67C3058E00BECB416 /* Frameworks */,
			);
			sourceTree = "<group>";
		};
		0039174F252BBD6700D29C90 /* Products */ = {
			isa = PBXGroup;
			children = (
				0039174E252BBD6700D29C90 /* MVVM.app */,
				00391764252BBD6800D29C90 /* MVVMTests.xctest */,
				0039176F252BBD6800D29C90 /* MVVMUITests.xctest */,
			);
			name = Products;
			sourceTree = "<group>";
		};
		00391750252BBD6700D29C90 /* MVVM */ = {
			isa = PBXGroup;
			children = (
				005065EC252C9BC400A9E5C8 /* Utilities */,
				005065E5252C9B4C00A9E5C8 /* Supports */,
				003917D0252BC98100D29C90 /* Model */,
				003917B7252BC81D00D29C90 /* ViewModel */,
				003917BB252BC8A200D29C90 /* Service */,
				0039179B252BC32C00D29C90 /* Views */,
				00391792252BC2E600D29C90 /* Protocols */,
				0039175A252BBD6800D29C90 /* Assets.xcassets */,
				0039175C252BBD6800D29C90 /* LaunchScreen.storyboard */,
				0039175F252BBD6800D29C90 /* Info.plist */,
			);
			path = MVVM;
			sourceTree = "<group>";
		};
		00391767252BBD6800D29C90 /* MVVMTests */ = {
			isa = PBXGroup;
			children = (
				00391768252BBD6800D29C90 /* MVVMTests.swift */,
				0039176A252BBD6800D29C90 /* Info.plist */,
			);
			path = MVVMTests;
			sourceTree = "<group>";
		};
		00391772252BBD6800D29C90 /* MVVMUITests */ = {
			isa = PBXGroup;
			children = (
				00391773252BBD6800D29C90 /* MVVMUITests.swift */,
				00391775252BBD6800D29C90 /* Info.plist */,
			);
			path = MVVMUITests;
			sourceTree = "<group>";
		};
		00391792252BC2E600D29C90 /* Protocols */ = {
			isa = PBXGroup;
			children = (
				00391793252BC31600D29C90 /* TableViewViewModelType.swift */,
				003917AD252BC72700D29C90 /* TableViewCellViewModelType.swift */,
			);
			path = Protocols;
			sourceTree = "<group>";
		};
		0039179B252BC32C00D29C90 /* Views */ = {
			isa = PBXGroup;
			children = (
				0039178A252BBF8500D29C90 /* TableViewController.swift */,
				0039179C252BC33600D29C90 /* Cells */,
			);
			path = Views;
			sourceTree = "<group>";
		};
		0039179C252BC33600D29C90 /* Cells */ = {
			isa = PBXGroup;
			children = (
				003917A8252BC38000D29C90 /* CustomTableViewCell.swift */,
			);
			path = Cells;
			sourceTree = "<group>";
		};
		003917B7252BC81D00D29C90 /* ViewModel */ = {
			isa = PBXGroup;
			children = (
				003917B2252BC81900D29C90 /* TableViewViewModel.swift */,
				003917D9252BCB5200D29C90 /* CustomCellViewModel.swift */,
			);
			path = ViewModel;
			sourceTree = "<group>";
		};
		003917BB252BC8A200D29C90 /* Service */ = {
			isa = PBXGroup;
			children = (
				003917BC252BC8B200D29C90 /* NetworkService.swift */,
			);
			path = Service;
			sourceTree = "<group>";
		};
		003917D0252BC98100D29C90 /* Model */ = {
			isa = PBXGroup;
			children = (
				003917D1252BC98F00D29C90 /* MovieModel.swift */,
				005065E0252C6D3000A9E5C8 /* MovieResultModel.swift */,
			);
			path = Model;
			sourceTree = "<group>";
		};
		005065E5252C9B4C00A9E5C8 /* Supports */ = {
			isa = PBXGroup;
			children = (
				00391751252BBD6700D29C90 /* AppDelegate.swift */,
				00391753252BBD6700D29C90 /* SceneDelegate.swift */,
			);
			path = Supports;
			sourceTree = "<group>";
		};
		005065EC252C9BC400A9E5C8 /* Utilities */ = {
			isa = PBXGroup;
			children = (
				005065ED252C9BD600A9E5C8 /* Constants.swift */,
			);
			path = Utilities;
			sourceTree = "<group>";
		};
		BA5C21D67C3058E00BECB416 /* Frameworks */ = {
			isa = PBXGroup;
			children = (
				2FDFAC5DBCDD8EE133474FF7 /* Pods_MVVM.framework */,
				2599CDE0E19AD9591BA5F922 /* Pods_MVVM_MVVMUITests.framework */,
				B863E2074D1BD082D23B57E9 /* Pods_MVVMTests.framework */,
			);
			name = Frameworks;
			sourceTree = "<group>";
		};
		CFCDDA2D69BBAF4ABBEEC018 /* Pods */ = {
			isa = PBXGroup;
			children = (
				FC186C7D766FB7A4EF40C704 /* Pods-MVVM.debug.xcconfig */,
				B185DD225AF2018D4304FD06 /* Pods-MVVM.release.xcconfig */,
				B72E5374752732C35A30D19A /* Pods-MVVM-MVVMUITests.debug.xcconfig */,
				A8105BAA1B1357203DAC26CD /* Pods-MVVM-MVVMUITests.release.xcconfig */,
				AFD0942E0EFE4E091F311AD1 /* Pods-MVVMTests.debug.xcconfig */,
				BD296FF5DA8096E49DAE4148 /* Pods-MVVMTests.release.xcconfig */,
			);
			path = Pods;
			sourceTree = "<group>";
		};
/* End PBXGroup section */

/* Begin PBXNativeTarget section */
		0039174D252BBD6700D29C90 /* MVVM */ = {
			isa = PBXNativeTarget;
			buildConfigurationList = 00391778252BBD6800D29C90 /* Build configuration list for PBXNativeTarget "MVVM" */;
			buildPhases = (
				B3855F134602FC8F97ACF68B /* [CP] Check Pods Manifest.lock */,
				0039174A252BBD6700D29C90 /* Sources */,
				0039174B252BBD6700D29C90 /* Frameworks */,
				0039174C252BBD6700D29C90 /* Resources */,
				C8D2A79C79052428FE3EDE92 /* [CP] Embed Pods Frameworks */,
			);
			buildRules = (
			);
			dependencies = (
			);
			name = MVVM;
			productName = MVVM;
			productReference = 0039174E252BBD6700D29C90 /* MVVM.app */;
			productType = "com.apple.product-type.application";
		};
		00391763252BBD6800D29C90 /* MVVMTests */ = {
			isa = PBXNativeTarget;
			buildConfigurationList = 0039177B252BBD6800D29C90 /* Build configuration list for PBXNativeTarget "MVVMTests" */;
			buildPhases = (
				AE9BF36BC5039364C740B5A1 /* [CP] Check Pods Manifest.lock */,
				00391760252BBD6800D29C90 /* Sources */,
				00391761252BBD6800D29C90 /* Frameworks */,
				00391762252BBD6800D29C90 /* Resources */,
			);
			buildRules = (
			);
			dependencies = (
				00391766252BBD6800D29C90 /* PBXTargetDependency */,
			);
			name = MVVMTests;
			productName = MVVMTests;
			productReference = 00391764252BBD6800D29C90 /* MVVMTests.xctest */;
			productType = "com.apple.product-type.bundle.unit-test";
		};
		0039176E252BBD6800D29C90 /* MVVMUITests */ = {
			isa = PBXNativeTarget;
			buildConfigurationList = 0039177E252BBD6800D29C90 /* Build configuration list for PBXNativeTarget "MVVMUITests" */;
			buildPhases = (
				68DFF95AA8D12E8E3438E0BA /* [CP] Check Pods Manifest.lock */,
				0039176B252BBD6800D29C90 /* Sources */,
				0039176C252BBD6800D29C90 /* Frameworks */,
				0039176D252BBD6800D29C90 /* Resources */,
				7C4A108D8561BE7465053DFF /* [CP] Embed Pods Frameworks */,
			);
			buildRules = (
			);
			dependencies = (
				00391771252BBD6800D29C90 /* PBXTargetDependency */,
			);
			name = MVVMUITests;
			productName = MVVMUITests;
			productReference = 0039176F252BBD6800D29C90 /* MVVMUITests.xctest */;
			productType = "com.apple.product-type.bundle.ui-testing";
		};
/* End PBXNativeTarget section */

/* Begin PBXProject section */
		00391746252BBD6700D29C90 /* Project object */ = {
			isa = PBXProject;
			attributes = {
				LastSwiftUpdateCheck = 1200;
				LastUpgradeCheck = 1200;
				TargetAttributes = {
					0039174D252BBD6700D29C90 = {
						CreatedOnToolsVersion = 12.0.1;
					};
					00391763252BBD6800D29C90 = {
						CreatedOnToolsVersion = 12.0.1;
						TestTargetID = 0039174D252BBD6700D29C90;
					};
					0039176E252BBD6800D29C90 = {
						CreatedOnToolsVersion = 12.0.1;
						TestTargetID = 0039174D252BBD6700D29C90;
					};
				};
			};
			buildConfigurationList = 00391749252BBD6700D29C90 /* Build configuration list for PBXProject "MVVM" */;
			compatibilityVersion = "Xcode 9.3";
			developmentRegion = en;
			hasScannedForEncodings = 0;
			knownRegions = (
				en,
				Base,
			);
			mainGroup = 00391745252BBD6700D29C90;
			productRefGroup = 0039174F252BBD6700D29C90 /* Products */;
			projectDirPath = "";
			projectRoot = "";
			targets = (
				0039174D252BBD6700D29C90 /* MVVM */,
				00391763252BBD6800D29C90 /* MVVMTests */,
				0039176E252BBD6800D29C90 /* MVVMUITests */,
			);
		};
/* End PBXProject section */

/* Begin PBXResourcesBuildPhase section */
		0039174C252BBD6700D29C90 /* Resources */ = {
			isa = PBXResourcesBuildPhase;
			buildActionMask = 2147483647;
			files = (
				0039175E252BBD6800D29C90 /* LaunchScreen.storyboard in Resources */,
				0039175B252BBD6800D29C90 /* Assets.xcassets in Resources */,
			);
			runOnlyForDeploymentPostprocessing = 0;
		};
		00391762252BBD6800D29C90 /* Resources */ = {
			isa = PBXResourcesBuildPhase;
			buildActionMask = 2147483647;
			files = (
			);
			runOnlyForDeploymentPostprocessing = 0;
		};
		0039176D252BBD6800D29C90 /* Resources */ = {
			isa = PBXResourcesBuildPhase;
			buildActionMask = 2147483647;
			files = (
			);
			runOnlyForDeploymentPostprocessing = 0;
		};
/* End PBXResourcesBuildPhase section */

/* Begin PBXShellScriptBuildPhase section */
		68DFF95AA8D12E8E3438E0BA /* [CP] Check Pods Manifest.lock */ = {
			isa = PBXShellScriptBuildPhase;
			buildActionMask = 2147483647;
			files = (
			);
			inputFileListPaths = (
			);
			inputPaths = (
				"${PODS_PODFILE_DIR_PATH}/Podfile.lock",
				"${PODS_ROOT}/Manifest.lock",
			);
			name = "[CP] Check Pods Manifest.lock";
			outputFileListPaths = (
			);
			outputPaths = (
				"$(DERIVED_FILE_DIR)/Pods-MVVM-MVVMUITests-checkManifestLockResult.txt",
			);
			runOnlyForDeploymentPostprocessing = 0;
			shellPath = /bin/sh;
			shellScript = "diff \"${PODS_PODFILE_DIR_PATH}/Podfile.lock\" \"${PODS_ROOT}/Manifest.lock\" > /dev/null\nif [ $? != 0 ] ; then\n    # print error to STDERR\n    echo \"error: The sandbox is not in sync with the Podfile.lock. Run 'pod install' or update your CocoaPods installation.\" >&2\n    exit 1\nfi\n# This output is used by Xcode 'outputs' to avoid re-running this script phase.\necho \"SUCCESS\" > \"${SCRIPT_OUTPUT_FILE_0}\"\n";
			showEnvVarsInLog = 0;
		};
		7C4A108D8561BE7465053DFF /* [CP] Embed Pods Frameworks */ = {
			isa = PBXShellScriptBuildPhase;
			buildActionMask = 2147483647;
			files = (
			);
			inputFileListPaths = (
				"${PODS_ROOT}/Target Support Files/Pods-MVVM-MVVMUITests/Pods-MVVM-MVVMUITests-frameworks-${CONFIGURATION}-input-files.xcfilelist",
			);
			name = "[CP] Embed Pods Frameworks";
			outputFileListPaths = (
				"${PODS_ROOT}/Target Support Files/Pods-MVVM-MVVMUITests/Pods-MVVM-MVVMUITests-frameworks-${CONFIGURATION}-output-files.xcfilelist",
			);
			runOnlyForDeploymentPostprocessing = 0;
			shellPath = /bin/sh;
			shellScript = "\"${PODS_ROOT}/Target Support Files/Pods-MVVM-MVVMUITests/Pods-MVVM-MVVMUITests-frameworks.sh\"\n";
			showEnvVarsInLog = 0;
		};
		AE9BF36BC5039364C740B5A1 /* [CP] Check Pods Manifest.lock */ = {
			isa = PBXShellScriptBuildPhase;
			buildActionMask = 2147483647;
			files = (
			);
			inputFileListPaths = (
			);
			inputPaths = (
				"${PODS_PODFILE_DIR_PATH}/Podfile.lock",
				"${PODS_ROOT}/Manifest.lock",
			);
			name = "[CP] Check Pods Manifest.lock";
			outputFileListPaths = (
			);
			outputPaths = (
				"$(DERIVED_FILE_DIR)/Pods-MVVMTests-checkManifestLockResult.txt",
			);
			runOnlyForDeploymentPostprocessing = 0;
			shellPath = /bin/sh;
			shellScript = "diff \"${PODS_PODFILE_DIR_PATH}/Podfile.lock\" \"${PODS_ROOT}/Manifest.lock\" > /dev/null\nif [ $? != 0 ] ; then\n    # print error to STDERR\n    echo \"error: The sandbox is not in sync with the Podfile.lock. Run 'pod install' or update your CocoaPods installation.\" >&2\n    exit 1\nfi\n# This output is used by Xcode 'outputs' to avoid re-running this script phase.\necho \"SUCCESS\" > \"${SCRIPT_OUTPUT_FILE_0}\"\n";
			showEnvVarsInLog = 0;
		};
		B3855F134602FC8F97ACF68B /* [CP] Check Pods Manifest.lock */ = {
			isa = PBXShellScriptBuildPhase;
			buildActionMask = 2147483647;
			files = (
			);
			inputFileListPaths = (
			);
			inputPaths = (
				"${PODS_PODFILE_DIR_PATH}/Podfile.lock",
				"${PODS_ROOT}/Manifest.lock",
			);
			name = "[CP] Check Pods Manifest.lock";
			outputFileListPaths = (
			);
			outputPaths = (
				"$(DERIVED_FILE_DIR)/Pods-MVVM-checkManifestLockResult.txt",
			);
			runOnlyForDeploymentPostprocessing = 0;
			shellPath = /bin/sh;
			shellScript = "diff \"${PODS_PODFILE_DIR_PATH}/Podfile.lock\" \"${PODS_ROOT}/Manifest.lock\" > /dev/null\nif [ $? != 0 ] ; then\n    # print error to STDERR\n    echo \"error: The sandbox is not in sync with the Podfile.lock. Run 'pod install' or update your CocoaPods installation.\" >&2\n    exit 1\nfi\n# This output is used by Xcode 'outputs' to avoid re-running this script phase.\necho \"SUCCESS\" > \"${SCRIPT_OUTPUT_FILE_0}\"\n";
			showEnvVarsInLog = 0;
		};
		C8D2A79C79052428FE3EDE92 /* [CP] Embed Pods Frameworks */ = {
			isa = PBXShellScriptBuildPhase;
			buildActionMask = 2147483647;
			files = (
			);
			inputFileListPaths = (
				"${PODS_ROOT}/Target Support Files/Pods-MVVM/Pods-MVVM-frameworks-${CONFIGURATION}-input-files.xcfilelist",
			);
			name = "[CP] Embed Pods Frameworks";
			outputFileListPaths = (
				"${PODS_ROOT}/Target Support Files/Pods-MVVM/Pods-MVVM-frameworks-${CONFIGURATION}-output-files.xcfilelist",
			);
			runOnlyForDeploymentPostprocessing = 0;
			shellPath = /bin/sh;
			shellScript = "\"${PODS_ROOT}/Target Support Files/Pods-MVVM/Pods-MVVM-frameworks.sh\"\n";
			showEnvVarsInLog = 0;
		};
/* End PBXShellScriptBuildPhase section */

/* Begin PBXSourcesBuildPhase section */
		0039174A252BBD6700D29C90 /* Sources */ = {
			isa = PBXSourcesBuildPhase;
			buildActionMask = 2147483647;
			files = (
				003917D2252BC98F00D29C90 /* MovieModel.swift in Sources */,
				00391794252BC31600D29C90 /* TableViewViewModelType.swift in Sources */,
				003917B3252BC81900D29C90 /* TableViewViewModel.swift in Sources */,
				003917BD252BC8B200D29C90 /* NetworkService.swift in Sources */,
				003917A9252BC38000D29C90 /* CustomTableViewCell.swift in Sources */,
				00391752252BBD6700D29C90 /* AppDelegate.swift in Sources */,
				005065E1252C6D3000A9E5C8 /* MovieResultModel.swift in Sources */,
				0039178B252BBF8500D29C90 /* TableViewController.swift in Sources */,
				003917DA252BCB5200D29C90 /* CustomCellViewModel.swift in Sources */,
				003917AE252BC72700D29C90 /* TableViewCellViewModelType.swift in Sources */,
				00391754252BBD6700D29C90 /* SceneDelegate.swift in Sources */,
				005065EE252C9BD600A9E5C8 /* Constants.swift in Sources */,
			);
			runOnlyForDeploymentPostprocessing = 0;
		};
		00391760252BBD6800D29C90 /* Sources */ = {
			isa = PBXSourcesBuildPhase;
			buildActionMask = 2147483647;
			files = (
				00391769252BBD6800D29C90 /* MVVMTests.swift in Sources */,
			);
			runOnlyForDeploymentPostprocessing = 0;
		};
		0039176B252BBD6800D29C90 /* Sources */ = {
			isa = PBXSourcesBuildPhase;
			buildActionMask = 2147483647;
			files = (
				00391774252BBD6800D29C90 /* MVVMUITests.swift in Sources */,
			);
			runOnlyForDeploymentPostprocessing = 0;
		};
/* End PBXSourcesBuildPhase section */

/* Begin PBXTargetDependency section */
		00391766252BBD6800D29C90 /* PBXTargetDependency */ = {
			isa = PBXTargetDependency;
			target = 0039174D252BBD6700D29C90 /* MVVM */;
			targetProxy = 00391765252BBD6800D29C90 /* PBXContainerItemProxy */;
		};
		00391771252BBD6800D29C90 /* PBXTargetDependency */ = {
			isa = PBXTargetDependency;
			target = 0039174D252BBD6700D29C90 /* MVVM */;
			targetProxy = 00391770252BBD6800D29C90 /* PBXContainerItemProxy */;
		};
/* End PBXTargetDependency section */

/* Begin PBXVariantGroup section */
		0039175C252BBD6800D29C90 /* LaunchScreen.storyboard */ = {
			isa = PBXVariantGroup;
			children = (
				0039175D252BBD6800D29C90 /* Base */,
			);
			name = LaunchScreen.storyboard;
			sourceTree = "<group>";
		};
/* End PBXVariantGroup section */

/* Begin XCBuildConfiguration section */
		00391776252BBD6800D29C90 /* Debug */ = {
			isa = XCBuildConfiguration;
			buildSettings = {
				ALWAYS_SEARCH_USER_PATHS = NO;
				CLANG_ANALYZER_NONNULL = YES;
				CLANG_ANALYZER_NUMBER_OBJECT_CONVERSION = YES_AGGRESSIVE;
				CLANG_CXX_LANGUAGE_STANDARD = "gnu++14";
				CLANG_CXX_LIBRARY = "libc++";
				CLANG_ENABLE_MODULES = YES;
				CLANG_ENABLE_OBJC_ARC = YES;
				CLANG_ENABLE_OBJC_WEAK = YES;
				CLANG_WARN_BLOCK_CAPTURE_AUTORELEASING = YES;
				CLANG_WARN_BOOL_CONVERSION = YES;
				CLANG_WARN_COMMA = YES;
				CLANG_WARN_CONSTANT_CONVERSION = YES;
				CLANG_WARN_DEPRECATED_OBJC_IMPLEMENTATIONS = YES;
				CLANG_WARN_DIRECT_OBJC_ISA_USAGE = YES_ERROR;
				CLANG_WARN_DOCUMENTATION_COMMENTS = YES;
				CLANG_WARN_EMPTY_BODY = YES;
				CLANG_WARN_ENUM_CONVERSION = YES;
				CLANG_WARN_INFINITE_RECURSION = YES;
				CLANG_WARN_INT_CONVERSION = YES;
				CLANG_WARN_NON_LITERAL_NULL_CONVERSION = YES;
				CLANG_WARN_OBJC_IMPLICIT_RETAIN_SELF = YES;
				CLANG_WARN_OBJC_LITERAL_CONVERSION = YES;
				CLANG_WARN_OBJC_ROOT_CLASS = YES_ERROR;
				CLANG_WARN_QUOTED_INCLUDE_IN_FRAMEWORK_HEADER = YES;
				CLANG_WARN_RANGE_LOOP_ANALYSIS = YES;
				CLANG_WARN_STRICT_PROTOTYPES = YES;
				CLANG_WARN_SUSPICIOUS_MOVE = YES;
				CLANG_WARN_UNGUARDED_AVAILABILITY = YES_AGGRESSIVE;
				CLANG_WARN_UNREACHABLE_CODE = YES;
				CLANG_WARN__DUPLICATE_METHOD_MATCH = YES;
				COPY_PHASE_STRIP = NO;
				DEBUG_INFORMATION_FORMAT = dwarf;
				ENABLE_STRICT_OBJC_MSGSEND = YES;
				ENABLE_TESTABILITY = YES;
				GCC_C_LANGUAGE_STANDARD = gnu11;
				GCC_DYNAMIC_NO_PIC = NO;
				GCC_NO_COMMON_BLOCKS = YES;
				GCC_OPTIMIZATION_LEVEL = 0;
				GCC_PREPROCESSOR_DEFINITIONS = (
					"DEBUG=1",
					"$(inherited)",
				);
				GCC_WARN_64_TO_32_BIT_CONVERSION = YES;
				GCC_WARN_ABOUT_RETURN_TYPE = YES_ERROR;
				GCC_WARN_UNDECLARED_SELECTOR = YES;
				GCC_WARN_UNINITIALIZED_AUTOS = YES_AGGRESSIVE;
				GCC_WARN_UNUSED_FUNCTION = YES;
				GCC_WARN_UNUSED_VARIABLE = YES;
				IPHONEOS_DEPLOYMENT_TARGET = 14.0;
				MTL_ENABLE_DEBUG_INFO = INCLUDE_SOURCE;
				MTL_FAST_MATH = YES;
				ONLY_ACTIVE_ARCH = YES;
				SDKROOT = iphoneos;
				SWIFT_ACTIVE_COMPILATION_CONDITIONS = DEBUG;
				SWIFT_OPTIMIZATION_LEVEL = "-Onone";
			};
			name = Debug;
		};
		00391777252BBD6800D29C90 /* Release */ = {
			isa = XCBuildConfiguration;
			buildSettings = {
				ALWAYS_SEARCH_USER_PATHS = NO;
				CLANG_ANALYZER_NONNULL = YES;
				CLANG_ANALYZER_NUMBER_OBJECT_CONVERSION = YES_AGGRESSIVE;
				CLANG_CXX_LANGUAGE_STANDARD = "gnu++14";
				CLANG_CXX_LIBRARY = "libc++";
				CLANG_ENABLE_MODULES = YES;
				CLANG_ENABLE_OBJC_ARC = YES;
				CLANG_ENABLE_OBJC_WEAK = YES;
				CLANG_WARN_BLOCK_CAPTURE_AUTORELEASING = YES;
				CLANG_WARN_BOOL_CONVERSION = YES;
				CLANG_WARN_COMMA = YES;
				CLANG_WARN_CONSTANT_CONVERSION = YES;
				CLANG_WARN_DEPRECATED_OBJC_IMPLEMENTATIONS = YES;
				CLANG_WARN_DIRECT_OBJC_ISA_USAGE = YES_ERROR;
				CLANG_WARN_DOCUMENTATION_COMMENTS = YES;
				CLANG_WARN_EMPTY_BODY = YES;
				CLANG_WARN_ENUM_CONVERSION = YES;
				CLANG_WARN_INFINITE_RECURSION = YES;
				CLANG_WARN_INT_CONVERSION = YES;
				CLANG_WARN_NON_LITERAL_NULL_CONVERSION = YES;
				CLANG_WARN_OBJC_IMPLICIT_RETAIN_SELF = YES;
				CLANG_WARN_OBJC_LITERAL_CONVERSION = YES;
				CLANG_WARN_OBJC_ROOT_CLASS = YES_ERROR;
				CLANG_WARN_QUOTED_INCLUDE_IN_FRAMEWORK_HEADER = YES;
				CLANG_WARN_RANGE_LOOP_ANALYSIS = YES;
				CLANG_WARN_STRICT_PROTOTYPES = YES;
				CLANG_WARN_SUSPICIOUS_MOVE = YES;
				CLANG_WARN_UNGUARDED_AVAILABILITY = YES_AGGRESSIVE;
				CLANG_WARN_UNREACHABLE_CODE = YES;
				CLANG_WARN__DUPLICATE_METHOD_MATCH = YES;
				COPY_PHASE_STRIP = NO;
				DEBUG_INFORMATION_FORMAT = "dwarf-with-dsym";
				ENABLE_NS_ASSERTIONS = NO;
				ENABLE_STRICT_OBJC_MSGSEND = YES;
				GCC_C_LANGUAGE_STANDARD = gnu11;
				GCC_NO_COMMON_BLOCKS = YES;
				GCC_WARN_64_TO_32_BIT_CONVERSION = YES;
				GCC_WARN_ABOUT_RETURN_TYPE = YES_ERROR;
				GCC_WARN_UNDECLARED_SELECTOR = YES;
				GCC_WARN_UNINITIALIZED_AUTOS = YES_AGGRESSIVE;
				GCC_WARN_UNUSED_FUNCTION = YES;
				GCC_WARN_UNUSED_VARIABLE = YES;
				IPHONEOS_DEPLOYMENT_TARGET = 14.0;
				MTL_ENABLE_DEBUG_INFO = NO;
				MTL_FAST_MATH = YES;
				SDKROOT = iphoneos;
				SWIFT_COMPILATION_MODE = wholemodule;
				SWIFT_OPTIMIZATION_LEVEL = "-O";
				VALIDATE_PRODUCT = YES;
			};
			name = Release;
		};
		00391779252BBD6800D29C90 /* Debug */ = {
			isa = XCBuildConfiguration;
			baseConfigurationReference = FC186C7D766FB7A4EF40C704 /* Pods-MVVM.debug.xcconfig */;
			buildSettings = {
				ASSETCATALOG_COMPILER_APPICON_NAME = AppIcon;
				ASSETCATALOG_COMPILER_GLOBAL_ACCENT_COLOR_NAME = AccentColor;
				CODE_SIGN_STYLE = Automatic;
				DEVELOPMENT_TEAM = D4T62J4499;
				INFOPLIST_FILE = MVVM/Info.plist;
				LD_RUNPATH_SEARCH_PATHS = (
					"$(inherited)",
					"@executable_path/Frameworks",
				);
				PRODUCT_BUNDLE_IDENTIFIER = com.mct.MVVM;
				PRODUCT_NAME = "$(TARGET_NAME)";
				SWIFT_VERSION = 5.0;
				TARGETED_DEVICE_FAMILY = "1,2";
			};
			name = Debug;
		};
		0039177A252BBD6800D29C90 /* Release */ = {
			isa = XCBuildConfiguration;
			baseConfigurationReference = B185DD225AF2018D4304FD06 /* Pods-MVVM.release.xcconfig */;
			buildSettings = {
				ASSETCATALOG_COMPILER_APPICON_NAME = AppIcon;
				ASSETCATALOG_COMPILER_GLOBAL_ACCENT_COLOR_NAME = AccentColor;
				CODE_SIGN_STYLE = Automatic;
				DEVELOPMENT_TEAM = D4T62J4499;
				INFOPLIST_FILE = MVVM/Info.plist;
				LD_RUNPATH_SEARCH_PATHS = (
					"$(inherited)",
					"@executable_path/Frameworks",
				);
				PRODUCT_BUNDLE_IDENTIFIER = com.mct.MVVM;
				PRODUCT_NAME = "$(TARGET_NAME)";
				SWIFT_VERSION = 5.0;
				TARGETED_DEVICE_FAMILY = "1,2";
			};
			name = Release;
		};
		0039177C252BBD6800D29C90 /* Debug */ = {
			isa = XCBuildConfiguration;
			baseConfigurationReference = AFD0942E0EFE4E091F311AD1 /* Pods-MVVMTests.debug.xcconfig */;
			buildSettings = {
				ALWAYS_EMBED_SWIFT_STANDARD_LIBRARIES = YES;
				BUNDLE_LOADER = "$(TEST_HOST)";
				CODE_SIGN_STYLE = Automatic;
				DEVELOPMENT_TEAM = D4T62J4499;
				INFOPLIST_FILE = MVVMTests/Info.plist;
				IPHONEOS_DEPLOYMENT_TARGET = 14.0;
				LD_RUNPATH_SEARCH_PATHS = (
					"$(inherited)",
					"@executable_path/Frameworks",
					"@loader_path/Frameworks",
				);
				PRODUCT_BUNDLE_IDENTIFIER = com.mct.MVVMTests;
				PRODUCT_NAME = "$(TARGET_NAME)";
				SWIFT_VERSION = 5.0;
				TARGETED_DEVICE_FAMILY = "1,2";
				TEST_HOST = "$(BUILT_PRODUCTS_DIR)/MVVM.app/MVVM";
			};
			name = Debug;
		};
		0039177D252BBD6800D29C90 /* Release */ = {
			isa = XCBuildConfiguration;
			baseConfigurationReference = BD296FF5DA8096E49DAE4148 /* Pods-MVVMTests.release.xcconfig */;
			buildSettings = {
				ALWAYS_EMBED_SWIFT_STANDARD_LIBRARIES = YES;
				BUNDLE_LOADER = "$(TEST_HOST)";
				CODE_SIGN_STYLE = Automatic;
				DEVELOPMENT_TEAM = D4T62J4499;
				INFOPLIST_FILE = MVVMTests/Info.plist;
				IPHONEOS_DEPLOYMENT_TARGET = 14.0;
				LD_RUNPATH_SEARCH_PATHS = (
					"$(inherited)",
					"@executable_path/Frameworks",
					"@loader_path/Frameworks",
				);
				PRODUCT_BUNDLE_IDENTIFIER = com.mct.MVVMTests;
				PRODUCT_NAME = "$(TARGET_NAME)";
				SWIFT_VERSION = 5.0;
				TARGETED_DEVICE_FAMILY = "1,2";
				TEST_HOST = "$(BUILT_PRODUCTS_DIR)/MVVM.app/MVVM";
			};
			name = Release;
		};
		0039177F252BBD6800D29C90 /* Debug */ = {
			isa = XCBuildConfiguration;
			baseConfigurationReference = B72E5374752732C35A30D19A /* Pods-MVVM-MVVMUITests.debug.xcconfig */;
			buildSettings = {
				ALWAYS_EMBED_SWIFT_STANDARD_LIBRARIES = YES;
				CODE_SIGN_STYLE = Automatic;
				DEVELOPMENT_TEAM = D4T62J4499;
				INFOPLIST_FILE = MVVMUITests/Info.plist;
				LD_RUNPATH_SEARCH_PATHS = (
					"$(inherited)",
					"@executable_path/Frameworks",
					"@loader_path/Frameworks",
				);
				PRODUCT_BUNDLE_IDENTIFIER = com.mct.MVVMUITests;
				PRODUCT_NAME = "$(TARGET_NAME)";
				SWIFT_VERSION = 5.0;
				TARGETED_DEVICE_FAMILY = "1,2";
				TEST_TARGET_NAME = MVVM;
			};
			name = Debug;
		};
		00391780252BBD6800D29C90 /* Release */ = {
			isa = XCBuildConfiguration;
			baseConfigurationReference = A8105BAA1B1357203DAC26CD /* Pods-MVVM-MVVMUITests.release.xcconfig */;
			buildSettings = {
				ALWAYS_EMBED_SWIFT_STANDARD_LIBRARIES = YES;
				CODE_SIGN_STYLE = Automatic;
				DEVELOPMENT_TEAM = D4T62J4499;
				INFOPLIST_FILE = MVVMUITests/Info.plist;
				LD_RUNPATH_SEARCH_PATHS = (
					"$(inherited)",
					"@executable_path/Frameworks",
					"@loader_path/Frameworks",
				);
				PRODUCT_BUNDLE_IDENTIFIER = com.mct.MVVMUITests;
				PRODUCT_NAME = "$(TARGET_NAME)";
				SWIFT_VERSION = 5.0;
				TARGETED_DEVICE_FAMILY = "1,2";
				TEST_TARGET_NAME = MVVM;
			};
			name = Release;
		};
/* End XCBuildConfiguration section */

/* Begin XCConfigurationList section */
		00391749252BBD6700D29C90 /* Build configuration list for PBXProject "MVVM" */ = {
			isa = XCConfigurationList;
			buildConfigurations = (
				00391776252BBD6800D29C90 /* Debug */,
				00391777252BBD6800D29C90 /* Release */,
			);
			defaultConfigurationIsVisible = 0;
			defaultConfigurationName = Release;
		};
		00391778252BBD6800D29C90 /* Build configuration list for PBXNativeTarget "MVVM" */ = {
			isa = XCConfigurationList;
			buildConfigurations = (
				00391779252BBD6800D29C90 /* Debug */,
				0039177A252BBD6800D29C90 /* Release */,
			);
			defaultConfigurationIsVisible = 0;
			defaultConfigurationName = Release;
		};
		0039177B252BBD6800D29C90 /* Build configuration list for PBXNativeTarget "MVVMTests" */ = {
			isa = XCConfigurationList;
			buildConfigurations = (
				0039177C252BBD6800D29C90 /* Debug */,
				0039177D252BBD6800D29C90 /* Release */,
			);
			defaultConfigurationIsVisible = 0;
			defaultConfigurationName = Release;
		};
		0039177E252BBD6800D29C90 /* Build configuration list for PBXNativeTarget "MVVMUITests" */ = {
			isa = XCConfigurationList;
			buildConfigurations = (
				0039177F252BBD6800D29C90 /* Debug */,
				00391780252BBD6800D29C90 /* Release */,
			);
			defaultConfigurationIsVisible = 0;
			defaultConfigurationName = Release;
		};
/* End XCConfigurationList section */
	};
	rootObject = 00391746252BBD6700D29C90 /* Project object */;
}
